// !$*UTF8*$!
{
	archiveVersion = 1;
	classes = {
	};
	objectVersion = 50;
	objects = {

/* Begin PBXBuildFile section */
		56320F0E2646661A00A0C76D /* quiz.csv in Resources */ = {isa = PBXBuildFile; fileRef = 56320F0D2646661A00A0C76D /* quiz.csv */; };
		5640BF292647C33C0021E065 /* correct.png in Resources */ = {isa = PBXBuildFile; fileRef = 5640BF272647C33C0021E065 /* correct.png */; };
		5640BF2A2647C33C0021E065 /* incorrect.png in Resources */ = {isa = PBXBuildFile; fileRef = 5640BF282647C33C0021E065 /* incorrect.png */; };
		56DA32AD26450FB900B09BCA /* AppDelegate.swift in Sources */ = {isa = PBXBuildFile; fileRef = 56DA32AC26450FB900B09BCA /* AppDelegate.swift */; };
		56DA32AF26450FB900B09BCA /* SceneDelegate.swift in Sources */ = {isa = PBXBuildFile; fileRef = 56DA32AE26450FB900B09BCA /* SceneDelegate.swift */; };
		56DA32B126450FB900B09BCA /* ViewController.swift in Sources */ = {isa = PBXBuildFile; fileRef = 56DA32B026450FB900B09BCA /* ViewController.swift */; };
		56DA32B426450FB900B09BCA /* Main.storyboard in Resources */ = {isa = PBXBuildFile; fileRef = 56DA32B226450FB900B09BCA /* Main.storyboard */; };
		56DA32B626450FBC00B09BCA /* Assets.xcassets in Resources */ = {isa = PBXBuildFile; fileRef = 56DA32B526450FBC00B09BCA /* Assets.xcassets */; };
		56DA32B926450FBC00B09BCA /* LaunchScreen.storyboard in Resources */ = {isa = PBXBuildFile; fileRef = 56DA32B726450FBC00B09BCA /* LaunchScreen.storyboard */; };
		56DA32C1264518D900B09BCA /* QuizViewController.swift in Sources */ = {isa = PBXBuildFile; fileRef = 56DA32C0264518D900B09BCA /* QuizViewController.swift */; };
		56DA32C3264518FB00B09BCA /* ScoreViewController.swift in Sources */ = {isa = PBXBuildFile; fileRef = 56DA32C2264518FB00B09BCA /* ScoreViewController.swift */; };
/* End PBXBuildFile section */

/* Begin PBXFileReference section */
		56320F0D2646661A00A0C76D /* quiz.csv */ = {isa = PBXFileReference; lastKnownFileType = text; path = quiz.csv; sourceTree = "<group>"; };
		5640BF272647C33C0021E065 /* correct.png */ = {isa = PBXFileReference; lastKnownFileType = image.png; path = correct.png; sourceTree = "<group>"; };
		5640BF282647C33C0021E065 /* incorrect.png */ = {isa = PBXFileReference; lastKnownFileType = image.png; path = incorrect.png; sourceTree = "<group>"; };
		56DA32A926450FB900B09BCA /* Quizapp.app */ = {isa = PBXFileReference; explicitFileType = wrapper.application; includeInIndex = 0; path = Quizapp.app; sourceTree = BUILT_PRODUCTS_DIR; };
		56DA32AC26450FB900B09BCA /* AppDelegate.swift */ = {isa = PBXFileReference; lastKnownFileType = sourcecode.swift; path = AppDelegate.swift; sourceTree = "<group>"; };
		56DA32AE26450FB900B09BCA /* SceneDelegate.swift */ = {isa = PBXFileReference; lastKnownFileType = sourcecode.swift; path = SceneDelegate.swift; sourceTree = "<group>"; };
		56DA32B026450FB900B09BCA /* ViewController.swift */ = {isa = PBXFileReference; lastKnownFileType = sourcecode.swift; path = ViewController.swift; sourceTree = "<group>"; };
		56DA32B326450FB900B09BCA /* Base */ = {isa = PBXFileReference; lastKnownFileType = file.storyboard; name = Base; path = Base.lproj/Main.storyboard; sourceTree = "<group>"; };
		56DA32B526450FBC00B09BCA /* Assets.xcassets */ = {isa = PBXFileReference; lastKnownFileType = folder.assetcatalog; path = Assets.xcassets; sourceTree = "<group>"; };
		56DA32B826450FBC00B09BCA /* Base */ = {isa = PBXFileReference; lastKnownFileType = file.storyboard; name = Base; path = Base.lproj/LaunchScreen.storyboard; sourceTree = "<group>"; };
		56DA32BA26450FBC00B09BCA /* Info.plist */ = {isa = PBXFileReference; lastKnownFileType = text.plist.xml; path = Info.plist; sourceTree = "<group>"; };
		56DA32C0264518D900B09BCA /* QuizViewController.swift */ = {isa = PBXFileReference; lastKnownFileType = sourcecode.swift; path = QuizViewController.swift; sourceTree = "<group>"; };
		56DA32C2264518FB00B09BCA /* ScoreViewController.swift */ = {isa = PBXFileReference; lastKnownFileType = sourcecode.swift; path = ScoreViewController.swift; sourceTree = "<group>"; };
/* End PBXFileReference section */

/* Begin PBXFrameworksBuildPhase section */
		56DA32A626450FB900B09BCA /* Frameworks */ = {
			isa = PBXFrameworksBuildPhase;
			buildActionMask = 2147483647;
			files = (
			);
			runOnlyForDeploymentPostprocessing = 0;
		};
/* End PBXFrameworksBuildPhase section */

/* Begin PBXGroup section */
		5640BF262647C33C0021E065 /* image */ = {
			isa = PBXGroup;
			children = (
				5640BF272647C33C0021E065 /* correct.png */,
				5640BF282647C33C0021E065 /* incorrect.png */,
			);
			path = image;
			sourceTree = "<group>";
		};
		56DA32A026450FB900B09BCA = {
			isa = PBXGroup;
			children = (
				56DA32AB26450FB900B09BCA /* Quizapp */,
				56DA32AA26450FB900B09BCA /* Products */,
			);
			sourceTree = "<group>";
		};
		56DA32AA26450FB900B09BCA /* Products */ = {
			isa = PBXGroup;
			children = (
				56DA32A926450FB900B09BCA /* Quizapp.app */,
			);
			name = Products;
			sourceTree = "<group>";
		};
		56DA32AB26450FB900B09BCA /* Quizapp */ = {
			isa = PBXGroup;
			children = (
				56DA32AC26450FB900B09BCA /* AppDelegate.swift */,
				56DA32AE26450FB900B09BCA /* SceneDelegate.swift */,
				56DA32B026450FB900B09BCA /* ViewController.swift */,
				56DA32B226450FB900B09BCA /* Main.storyboard */,
				56320F0D2646661A00A0C76D /* quiz.csv */,
				56DA32C2264518FB00B09BCA /* ScoreViewController.swift */,
				56DA32C0264518D900B09BCA /* QuizViewController.swift */,
				5640BF262647C33C0021E065 /* image */,
				56DA32B526450FBC00B09BCA /* Assets.xcassets */,
				56DA32B726450FBC00B09BCA /* LaunchScreen.storyboard */,
				56DA32BA26450FBC00B09BCA /* Info.plist */,
			);
			path = Quizapp;
			sourceTree = "<group>";
		};
/* End PBXGroup section */

/* Begin PBXNativeTarget section */
		56DA32A826450FB900B09BCA /* Quizapp */ = {
			isa = PBXNativeTarget;
			buildConfigurationList = 56DA32BD26450FBC00B09BCA /* Build configuration list for PBXNativeTarget "Quizapp" */;
			buildPhases = (
				56DA32A526450FB900B09BCA /* Sources */,
				56DA32A626450FB900B09BCA /* Frameworks */,
				56DA32A726450FB900B09BCA /* Resources */,
			);
			buildRules = (
			);
			dependencies = (
			);
			name = Quizapp;
			productName = Quizapp;
			productReference = 56DA32A926450FB900B09BCA /* Quizapp.app */;
			productType = "com.apple.product-type.application";
		};
/* End PBXNativeTarget section */

/* Begin PBXProject section */
		56DA32A126450FB900B09BCA /* Project object */ = {
			isa = PBXProject;
			attributes = {
				LastSwiftUpdateCheck = 1250;
				LastUpgradeCheck = 1250;
				TargetAttributes = {
					56DA32A826450FB900B09BCA = {
						CreatedOnToolsVersion = 12.5;
					};
				};
			};
			buildConfigurationList = 56DA32A426450FB900B09BCA /* Build configuration list for PBXProject "Quizapp" */;
			compatibilityVersion = "Xcode 9.3";
			developmentRegion = en;
			hasScannedForEncodings = 0;
			knownRegions = (
				en,
				Base,
			);
			mainGroup = 56DA32A026450FB900B09BCA;
			productRefGroup = 56DA32AA26450FB900B09BCA /* Products */;
			projectDirPath = "";
			projectRoot = "";
			targets = (
				56DA32A826450FB900B09BCA /* Quizapp */,
			);
		};
/* End PBXProject section */

/* Begin PBXResourcesBuildPhase section */
		56DA32A726450FB900B09BCA /* Resources */ = {
			isa = PBXResourcesBuildPhase;
			buildActionMask = 2147483647;
			files = (
				5640BF292647C33C0021E065 /* correct.png in Resources */,
				5640BF2A2647C33C0021E065 /* incorrect.png in Resources */,
				56DA32B926450FBC00B09BCA /* LaunchScreen.storyboard in Resources */,
				56DA32B626450FBC00B09BCA /* Assets.xcassets in Resources */,
				56DA32B426450FB900B09BCA /* Main.storyboard in Resources */,
				56320F0E2646661A00A0C76D /* quiz.csv in Resources */,
			);
			runOnlyForDeploymentPostprocessing = 0;
		};
/* End PBXResourcesBuildPhase section */

/* Begin PBXSourcesBuildPhase section */
		56DA32A526450FB900B09BCA /* Sources */ = {
			isa = PBXSourcesBuildPhase;
			buildActionMask = 2147483647;
			files = (
				56DA32B126450FB900B09BCA /* ViewController.swift in Sources */,
				56DA32AD26450FB900B09BCA /* AppDelegate.swift in Sources */,
				56DA32C3264518FB00B09BCA /* ScoreViewController.swift in Sources */,
				56DA32AF26450FB900B09BCA /* SceneDelegate.swift in Sources */,
				56DA32C1264518D900B09BCA /* QuizViewController.swift in Sources */,
			);
			runOnlyForDeploymentPostprocessing = 0;
		};
/* End PBXSourcesBuildPhase section */

/* Begin PBXVariantGroup section */
		56DA32B226450FB900B09BCA /* Main.storyboard */ = {
			isa = PBXVariantGroup;
			children = (
				56DA32B326450FB900B09BCA /* Base */,
			);
			name = Main.storyboard;
			sourceTree = "<group>";
		};
		56DA32B726450FBC00B09BCA /* LaunchScreen.storyboard */ = {
			isa = PBXVariantGroup;
			children = (
				56DA32B826450FBC00B09BCA /* Base */,
			);
			name = LaunchScreen.storyboard;
			sourceTree = "<group>";
		};
/* End PBXVariantGroup section */

/* Begin XCBuildConfiguration section */
		56DA32BB26450FBC00B09BCA /* Debug */ = {
			isa = XCBuildConfiguration;
			buildSettings = {
				ALWAYS_SEARCH_USER_PATHS = NO;
				CLANG_ANALYZER_NONNULL = YES;
				CLANG_ANALYZER_NUMBER_OBJECT_CONVERSION = YES_AGGRESSIVE;
				CLANG_CXX_LANGUAGE_STANDARD = "gnu++14";
				CLANG_CXX_LIBRARY = "libc++";
				CLANG_ENABLE_MODULES = YES;
				CLANG_ENABLE_OBJC_ARC = YES;
				CLANG_ENABLE_OBJC_WEAK = YES;
				CLANG_WARN_BLOCK_CAPTURE_AUTORELEASING = YES;
				CLANG_WARN_BOOL_CONVERSION = YES;
				CLANG_WARN_COMMA = YES;
				CLANG_WARN_CONSTANT_CONVERSION = YES;
				CLANG_WARN_DEPRECATED_OBJC_IMPLEMENTATIONS = YES;
				CLANG_WARN_DIRECT_OBJC_ISA_USAGE = YES_ERROR;
				CLANG_WARN_DOCUMENTATION_COMMENTS = YES;
				CLANG_WARN_EMPTY_BODY = YES;
				CLANG_WARN_ENUM_CONVERSION = YES;
				CLANG_WARN_INFINITE_RECURSION = YES;
				CLANG_WARN_INT_CONVERSION = YES;
				CLANG_WARN_NON_LITERAL_NULL_CONVERSION = YES;
				CLANG_WARN_OBJC_IMPLICIT_RETAIN_SELF = YES;
				CLANG_WARN_OBJC_LITERAL_CONVERSION = YES;
				CLANG_WARN_OBJC_ROOT_CLASS = YES_ERROR;
				CLANG_WARN_QUOTED_INCLUDE_IN_FRAMEWORK_HEADER = YES;
				CLANG_WARN_RANGE_LOOP_ANALYSIS = YES;
				CLANG_WARN_STRICT_PROTOTYPES = YES;
				CLANG_WARN_SUSPICIOUS_MOVE = YES;
				CLANG_WARN_UNGUARDED_AVAILABILITY = YES_AGGRESSIVE;
				CLANG_WARN_UNREACHABLE_CODE = YES;
				CLANG_WARN__DUPLICATE_METHOD_MATCH = YES;
				COPY_PHASE_STRIP = NO;
				DEBUG_INFORMATION_FORMAT = dwarf;
				ENABLE_STRICT_OBJC_MSGSEND = YES;
				ENABLE_TESTABILITY = YES;
				GCC_C_LANGUAGE_STANDARD = gnu11;
				GCC_DYNAMIC_NO_PIC = NO;
				GCC_NO_COMMON_BLOCKS = YES;
				GCC_OPTIMIZATION_LEVEL = 0;
				GCC_PREPROCESSOR_DEFINITIONS = (
					"DEBUG=1",
					"$(inherited)",
				);
				GCC_WARN_64_TO_32_BIT_CONVERSION = YES;
				GCC_WARN_ABOUT_RETURN_TYPE = YES_ERROR;
				GCC_WARN_UNDECLARED_SELECTOR = YES;
				GCC_WARN_UNINITIALIZED_AUTOS = YES_AGGRESSIVE;
				GCC_WARN_UNUSED_FUNCTION = YES;
				GCC_WARN_UNUSED_VARIABLE = YES;
				IPHONEOS_DEPLOYMENT_TARGET = 14.5;
				MTL_ENABLE_DEBUG_INFO = INCLUDE_SOURCE;
				MTL_FAST_MATH = YES;
				ONLY_ACTIVE_ARCH = YES;
				SDKROOT = iphoneos;
				SWIFT_ACTIVE_COMPILATION_CONDITIONS = DEBUG;
				SWIFT_OPTIMIZATION_LEVEL = "-Onone";
			};
			name = Debug;
		};
		56DA32BC26450FBC00B09BCA /* Release */ = {
			isa = XCBuildConfiguration;
			buildSettings = {
				ALWAYS_SEARCH_USER_PATHS = NO;
				CLANG_ANALYZER_NONNULL = YES;
				CLANG_ANALYZER_NUMBER_OBJECT_CONVERSION = YES_AGGRESSIVE;
				CLANG_CXX_LANGUAGE_STANDARD = "gnu++14";
				CLANG_CXX_LIBRARY = "libc++";
				CLANG_ENABLE_MODULES = YES;
				CLANG_ENABLE_OBJC_ARC = YES;
				CLANG_ENABLE_OBJC_WEAK = YES;
				CLANG_WARN_BLOCK_CAPTURE_AUTORELEASING = YES;
				CLANG_WARN_BOOL_CONVERSION = YES;
				CLANG_WARN_COMMA = YES;
				CLANG_WARN_CONSTANT_CONVERSION = YES;
				CLANG_WARN_DEPRECATED_OBJC_IMPLEMENTATIONS = YES;
				CLANG_WARN_DIRECT_OBJC_ISA_USAGE = YES_ERROR;
				CLANG_WARN_DOCUMENTATION_COMMENTS = YES;
				CLANG_WARN_EMPTY_BODY = YES;
				CLANG_WARN_ENUM_CONVERSION = YES;
				CLANG_WARN_INFINITE_RECURSION = YES;
				CLANG_WARN_INT_CONVERSION = YES;
				CLANG_WARN_NON_LITERAL_NULL_CONVERSION = YES;
				CLANG_WARN_OBJC_IMPLICIT_RETAIN_SELF = YES;
				CLANG_WARN_OBJC_LITERAL_CONVERSION = YES;
				CLANG_WARN_OBJC_ROOT_CLASS = YES_ERROR;
				CLANG_WARN_QUOTED_INCLUDE_IN_FRAMEWORK_HEADER = YES;
				CLANG_WARN_RANGE_LOOP_ANALYSIS = YES;
				CLANG_WARN_STRICT_PROTOTYPES = YES;
				CLANG_WARN_SUSPICIOUS_MOVE = YES;
				CLANG_WARN_UNGUARDED_AVAILABILITY = YES_AGGRESSIVE;
				CLANG_WARN_UNREACHABLE_CODE = YES;
				CLANG_WARN__DUPLICATE_METHOD_MATCH = YES;
				COPY_PHASE_STRIP = NO;
				DEBUG_INFORMATION_FORMAT = "dwarf-with-dsym";
				ENABLE_NS_ASSERTIONS = NO;
				ENABLE_STRICT_OBJC_MSGSEND = YES;
				GCC_C_LANGUAGE_STANDARD = gnu11;
				GCC_NO_COMMON_BLOCKS = YES;
				GCC_WARN_64_TO_32_BIT_CONVERSION = YES;
				GCC_WARN_ABOUT_RETURN_TYPE = YES_ERROR;
				GCC_WARN_UNDECLARED_SELECTOR = YES;
				GCC_WARN_UNINITIALIZED_AUTOS = YES_AGGRESSIVE;
				GCC_WARN_UNUSED_FUNCTION = YES;
				GCC_WARN_UNUSED_VARIABLE = YES;
				IPHONEOS_DEPLOYMENT_TARGET = 14.5;
				MTL_ENABLE_DEBUG_INFO = NO;
				MTL_FAST_MATH = YES;
				SDKROOT = iphoneos;
				SWIFT_COMPILATION_MODE = wholemodule;
				SWIFT_OPTIMIZATION_LEVEL = "-O";
				VALIDATE_PRODUCT = YES;
			};
			name = Release;
		};
		56DA32BE26450FBC00B09BCA /* Debug */ = {
			isa = XCBuildConfiguration;
			buildSettings = {
				ASSETCATALOG_COMPILER_APPICON_NAME = AppIcon;
				ASSETCATALOG_COMPILER_GLOBAL_ACCENT_COLOR_NAME = AccentColor;
				CODE_SIGN_STYLE = Automatic;
				DEVELOPMENT_TEAM = X9FTYSMK2V;
				INFOPLIST_FILE = Quizapp/Info.plist;
				LD_RUNPATH_SEARCH_PATHS = (
					"$(inherited)",
					"@executable_path/Frameworks",
				);
				PRODUCT_BUNDLE_IDENTIFIER = com.mayuko.Quizapp;
				PRODUCT_NAME = "$(TARGET_NAME)";
				SWIFT_VERSION = 5.0;
				TARGETED_DEVICE_FAMILY = "1,2";
			};
			name = Debug;
		};
		56DA32BF26450FBC00B09BCA /* Release */ = {
			isa = XCBuildConfiguration;
			buildSettings = {
				ASSETCATALOG_COMPILER_APPICON_NAME = AppIcon;
				ASSETCATALOG_COMPILER_GLOBAL_ACCENT_COLOR_NAME = AccentColor;
				CODE_SIGN_STYLE = Automatic;
				DEVELOPMENT_TEAM = X9FTYSMK2V;
				INFOPLIST_FILE = Quizapp/Info.plist;
				LD_RUNPATH_SEARCH_PATHS = (
					"$(inherited)",
					"@executable_path/Frameworks",
				);
				PRODUCT_BUNDLE_IDENTIFIER = com.mayuko.Quizapp;
				PRODUCT_NAME = "$(TARGET_NAME)";
				SWIFT_VERSION = 5.0;
				TARGETED_DEVICE_FAMILY = "1,2";
			};
			name = Release;
		};
/* End XCBuildConfiguration section */

/* Begin XCConfigurationList section */
		56DA32A426450FB900B09BCA /* Build configuration list for PBXProject "Quizapp" */ = {
			isa = XCConfigurationList;
			buildConfigurations = (
				56DA32BB26450FBC00B09BCA /* Debug */,
				56DA32BC26450FBC00B09BCA /* Release */,
			);
			defaultConfigurationIsVisible = 0;
			defaultConfigurationName = Release;
		};
		56DA32BD26450FBC00B09BCA /* Build configuration list for PBXNativeTarget "Quizapp" */ = {
			isa = XCConfigurationList;
			buildConfigurations = (
				56DA32BE26450FBC00B09BCA /* Debug */,
				56DA32BF26450FBC00B09BCA /* Release */,
			);
			defaultConfigurationIsVisible = 0;
			defaultConfigurationName = Release;
		};
/* End XCConfigurationList section */
	};
	rootObject = 56DA32A126450FB900B09BCA /* Project object */;
}
